// !$*UTF8*$!
{
	archiveVersion = 1;
	classes = {
	};
	objectVersion = 46;
	objects = {

/* Begin PBXBuildFile section */
		A26838601B3512F9002005A4 /* MainView.xib in Resources */ = {isa = PBXBuildFile; fileRef = A2991B8D1B34E60E00AC2B23 /* MainView.xib */; };
		A26838621B351361002005A4 /* MainMenu.xib in Resources */ = {isa = PBXBuildFile; fileRef = A26838611B351361002005A4 /* MainMenu.xib */; };
		A26838661B3516BF002005A4 /* LICENSE in Resources */ = {isa = PBXBuildFile; fileRef = A26838651B3516BF002005A4 /* LICENSE */; };
		A26838681B3516FE002005A4 /* Readme.markdown in Sources */ = {isa = PBXBuildFile; fileRef = A26838671B3516FE002005A4 /* Readme.markdown */; };
		A2991B691B34DBE700AC2B23 /* AppDelegate.m in Sources */ = {isa = PBXBuildFile; fileRef = A2991B681B34DBE700AC2B23 /* AppDelegate.m */; };
		A2991B6B1B34DBE700AC2B23 /* main.m in Sources */ = {isa = PBXBuildFile; fileRef = A2991B6A1B34DBE700AC2B23 /* main.m */; };
		A2991B6D1B34DBE700AC2B23 /* Images.xcassets in Resources */ = {isa = PBXBuildFile; fileRef = A2991B6C1B34DBE700AC2B23 /* Images.xcassets */; };
		A2991B7C1B34DBE700AC2B23 /* MenuBarTestTests.m in Sources */ = {isa = PBXBuildFile; fileRef = A2991B7B1B34DBE700AC2B23 /* MenuBarTestTests.m */; };
		A2991B871B34DC9100AC2B23 /* StatusItemView.m in Sources */ = {isa = PBXBuildFile; fileRef = A2991B861B34DC9100AC2B23 /* StatusItemView.m */; };
		A2991B911B34E60E00AC2B23 /* MainViewController.m in Sources */ = {isa = PBXBuildFile; fileRef = A2991B8F1B34E60E00AC2B23 /* MainViewController.m */; };
/* End PBXBuildFile section */

/* Begin PBXContainerItemProxy section */
		A2991B761B34DBE700AC2B23 /* PBXContainerItemProxy */ = {
			isa = PBXContainerItemProxy;
			containerPortal = A2991B5A1B34DBE700AC2B23 /* Project object */;
			proxyType = 1;
			remoteGlobalIDString = A2991B611B34DBE700AC2B23;
			remoteInfo = MenuBarTest;
		};
/* End PBXContainerItemProxy section */

/* Begin PBXFileReference section */
		A26838611B351361002005A4 /* MainMenu.xib */ = {isa = PBXFileReference; fileEncoding = 4; lastKnownFileType = file.xib; path = MainMenu.xib; sourceTree = "<group>"; };
		A26838651B3516BF002005A4 /* LICENSE */ = {isa = PBXFileReference; fileEncoding = 4; lastKnownFileType = text; path = LICENSE; sourceTree = "<group>"; };
		A26838671B3516FE002005A4 /* Readme.markdown */ = {isa = PBXFileReference; fileEncoding = 4; lastKnownFileType = net.daringfireball.markdown; path = Readme.markdown; sourceTree = "<group>"; };
		A2991B621B34DBE700AC2B23 /* MenuBarTest.app */ = {isa = PBXFileReference; explicitFileType = wrapper.application; includeInIndex = 0; path = MenuBarTest.app; sourceTree = BUILT_PRODUCTS_DIR; };
		A2991B661B34DBE700AC2B23 /* Info.plist */ = {isa = PBXFileReference; lastKnownFileType = text.plist.xml; path = Info.plist; sourceTree = "<group>"; };
		A2991B671B34DBE700AC2B23 /* AppDelegate.h */ = {isa = PBXFileReference; lastKnownFileType = sourcecode.c.h; path = AppDelegate.h; sourceTree = "<group>"; };
		A2991B681B34DBE700AC2B23 /* AppDelegate.m */ = {isa = PBXFileReference; lastKnownFileType = sourcecode.c.objc; path = AppDelegate.m; sourceTree = "<group>"; };
		A2991B6A1B34DBE700AC2B23 /* main.m */ = {isa = PBXFileReference; lastKnownFileType = sourcecode.c.objc; path = main.m; sourceTree = "<group>"; };
		A2991B6C1B34DBE700AC2B23 /* Images.xcassets */ = {isa = PBXFileReference; lastKnownFileType = folder.assetcatalog; path = Images.xcassets; sourceTree = "<group>"; };
		A2991B751B34DBE700AC2B23 /* MenuBarTestTests.xctest */ = {isa = PBXFileReference; explicitFileType = wrapper.cfbundle; includeInIndex = 0; path = MenuBarTestTests.xctest; sourceTree = BUILT_PRODUCTS_DIR; };
		A2991B7A1B34DBE700AC2B23 /* Info.plist */ = {isa = PBXFileReference; lastKnownFileType = text.plist.xml; path = Info.plist; sourceTree = "<group>"; };
		A2991B7B1B34DBE700AC2B23 /* MenuBarTestTests.m */ = {isa = PBXFileReference; lastKnownFileType = sourcecode.c.objc; path = MenuBarTestTests.m; sourceTree = "<group>"; };
		A2991B851B34DC9100AC2B23 /* StatusItemView.h */ = {isa = PBXFileReference; fileEncoding = 4; lastKnownFileType = sourcecode.c.h; path = StatusItemView.h; sourceTree = "<group>"; };
		A2991B861B34DC9100AC2B23 /* StatusItemView.m */ = {isa = PBXFileReference; fileEncoding = 4; lastKnownFileType = sourcecode.c.objc; path = StatusItemView.m; sourceTree = "<group>"; };
		A2991B8D1B34E60E00AC2B23 /* MainView.xib */ = {isa = PBXFileReference; fileEncoding = 4; lastKnownFileType = file.xib; path = MainView.xib; sourceTree = "<group>"; };
		A2991B8E1B34E60E00AC2B23 /* MainViewController.h */ = {isa = PBXFileReference; fileEncoding = 4; lastKnownFileType = sourcecode.c.h; path = MainViewController.h; sourceTree = "<group>"; };
		A2991B8F1B34E60E00AC2B23 /* MainViewController.m */ = {isa = PBXFileReference; fileEncoding = 4; lastKnownFileType = sourcecode.c.objc; path = MainViewController.m; sourceTree = "<group>"; };
/* End PBXFileReference section */

/* Begin PBXFrameworksBuildPhase section */
		A2991B5F1B34DBE700AC2B23 /* Frameworks */ = {
			isa = PBXFrameworksBuildPhase;
			buildActionMask = 2147483647;
			files = (
			);
			runOnlyForDeploymentPostprocessing = 0;
		};
		A2991B721B34DBE700AC2B23 /* Frameworks */ = {
			isa = PBXFrameworksBuildPhase;
			buildActionMask = 2147483647;
			files = (
			);
			runOnlyForDeploymentPostprocessing = 0;
		};
/* End PBXFrameworksBuildPhase section */

/* Begin PBXGroup section */
		A2991B591B34DBE700AC2B23 = {
			isa = PBXGroup;
			children = (
				A26838671B3516FE002005A4 /* Readme.markdown */,
				A26838651B3516BF002005A4 /* LICENSE */,
				A2991B641B34DBE700AC2B23 /* MenuBarTest */,
				A2991B781B34DBE700AC2B23 /* MenuBarTestTests */,
				A2991B631B34DBE700AC2B23 /* Products */,
			);
			sourceTree = "<group>";
		};
		A2991B631B34DBE700AC2B23 /* Products */ = {
			isa = PBXGroup;
			children = (
				A2991B621B34DBE700AC2B23 /* MenuBarTest.app */,
				A2991B751B34DBE700AC2B23 /* MenuBarTestTests.xctest */,
			);
			name = Products;
			sourceTree = "<group>";
		};
		A2991B641B34DBE700AC2B23 /* MenuBarTest */ = {
			isa = PBXGroup;
			children = (
				A2991B671B34DBE700AC2B23 /* AppDelegate.h */,
				A2991B681B34DBE700AC2B23 /* AppDelegate.m */,
				A2991B851B34DC9100AC2B23 /* StatusItemView.h */,
				A2991B861B34DC9100AC2B23 /* StatusItemView.m */,
				A2991B8E1B34E60E00AC2B23 /* MainViewController.h */,
				A2991B8F1B34E60E00AC2B23 /* MainViewController.m */,
				A2991B8D1B34E60E00AC2B23 /* MainView.xib */,
				A26838611B351361002005A4 /* MainMenu.xib */,
				A2991B6C1B34DBE700AC2B23 /* Images.xcassets */,
				A2991B651B34DBE700AC2B23 /* Supporting Files */,
			);
			path = MenuBarTest;
			sourceTree = "<group>";
		};
		A2991B651B34DBE700AC2B23 /* Supporting Files */ = {
			isa = PBXGroup;
			children = (
				A2991B661B34DBE700AC2B23 /* Info.plist */,
				A2991B6A1B34DBE700AC2B23 /* main.m */,
			);
			name = "Supporting Files";
			sourceTree = "<group>";
		};
		A2991B781B34DBE700AC2B23 /* MenuBarTestTests */ = {
			isa = PBXGroup;
			children = (
				A2991B7B1B34DBE700AC2B23 /* MenuBarTestTests.m */,
				A2991B791B34DBE700AC2B23 /* Supporting Files */,
			);
			path = MenuBarTestTests;
			sourceTree = "<group>";
		};
		A2991B791B34DBE700AC2B23 /* Supporting Files */ = {
			isa = PBXGroup;
			children = (
				A2991B7A1B34DBE700AC2B23 /* Info.plist */,
			);
			name = "Supporting Files";
			sourceTree = "<group>";
		};
/* End PBXGroup section */

/* Begin PBXNativeTarget section */
		A2991B611B34DBE700AC2B23 /* MenuBarTest */ = {
			isa = PBXNativeTarget;
			buildConfigurationList = A2991B7F1B34DBE700AC2B23 /* Build configuration list for PBXNativeTarget "MenuBarTest" */;
			buildPhases = (
				A2991B5E1B34DBE700AC2B23 /* Sources */,
				A2991B5F1B34DBE700AC2B23 /* Frameworks */,
				A2991B601B34DBE700AC2B23 /* Resources */,
			);
			buildRules = (
			);
			dependencies = (
			);
			name = MenuBarTest;
			productName = MenuBarTest;
			productReference = A2991B621B34DBE700AC2B23 /* MenuBarTest.app */;
			productType = "com.apple.product-type.application";
		};
		A2991B741B34DBE700AC2B23 /* MenuBarTestTests */ = {
			isa = PBXNativeTarget;
			buildConfigurationList = A2991B821B34DBE700AC2B23 /* Build configuration list for PBXNativeTarget "MenuBarTestTests" */;
			buildPhases = (
				A2991B711B34DBE700AC2B23 /* Sources */,
				A2991B721B34DBE700AC2B23 /* Frameworks */,
				A2991B731B34DBE700AC2B23 /* Resources */,
			);
			buildRules = (
			);
			dependencies = (
				A2991B771B34DBE700AC2B23 /* PBXTargetDependency */,
			);
			name = MenuBarTestTests;
			productName = MenuBarTestTests;
			productReference = A2991B751B34DBE700AC2B23 /* MenuBarTestTests.xctest */;
			productType = "com.apple.product-type.bundle.unit-test";
		};
/* End PBXNativeTarget section */

/* Begin PBXProject section */
		A2991B5A1B34DBE700AC2B23 /* Project object */ = {
			isa = PBXProject;
			attributes = {
				LastUpgradeCheck = 0610;
				ORGANIZATIONNAME = "Fat Apps, LLC";
				TargetAttributes = {
					A2991B611B34DBE700AC2B23 = {
						CreatedOnToolsVersion = 6.1.1;
					};
					A2991B741B34DBE700AC2B23 = {
						CreatedOnToolsVersion = 6.1.1;
						TestTargetID = A2991B611B34DBE700AC2B23;
					};
				};
			};
			buildConfigurationList = A2991B5D1B34DBE700AC2B23 /* Build configuration list for PBXProject "MenuBarTest" */;
			compatibilityVersion = "Xcode 3.2";
			developmentRegion = English;
			hasScannedForEncodings = 0;
			knownRegions = (
				en,
				Base,
			);
			mainGroup = A2991B591B34DBE700AC2B23;
			productRefGroup = A2991B631B34DBE700AC2B23 /* Products */;
			projectDirPath = "";
			projectRoot = "";
			targets = (
				A2991B611B34DBE700AC2B23 /* MenuBarTest */,
				A2991B741B34DBE700AC2B23 /* MenuBarTestTests */,
			);
		};
/* End PBXProject section */

/* Begin PBXResourcesBuildPhase section */
		A2991B601B34DBE700AC2B23 /* Resources */ = {
			isa = PBXResourcesBuildPhase;
			buildActionMask = 2147483647;
			files = (
				A26838601B3512F9002005A4 /* MainView.xib in Resources */,
				A2991B6D1B34DBE700AC2B23 /* Images.xcassets in Resources */,
				A26838661B3516BF002005A4 /* LICENSE in Resources */,
				A26838621B351361002005A4 /* MainMenu.xib in Resources */,
			);
			runOnlyForDeploymentPostprocessing = 0;
		};
		A2991B731B34DBE700AC2B23 /* Resources */ = {
			isa = PBXResourcesBuildPhase;
			buildActionMask = 2147483647;
			files = (
			);
			runOnlyForDeploymentPostprocessing = 0;
		};
/* End PBXResourcesBuildPhase section */

/* Begin PBXSourcesBuildPhase section */
		A2991B5E1B34DBE700AC2B23 /* Sources */ = {
			isa = PBXSourcesBuildPhase;
			buildActionMask = 2147483647;
			files = (
				A2991B871B34DC9100AC2B23 /* StatusItemView.m in Sources */,
				A2991B6B1B34DBE700AC2B23 /* main.m in Sources */,
				A26838681B3516FE002005A4 /* Readme.markdown in Sources */,
				A2991B691B34DBE700AC2B23 /* AppDelegate.m in Sources */,
				A2991B911B34E60E00AC2B23 /* MainViewController.m in Sources */,
			);
			runOnlyForDeploymentPostprocessing = 0;
		};
		A2991B711B34DBE700AC2B23 /* Sources */ = {
			isa = PBXSourcesBuildPhase;
			buildActionMask = 2147483647;
			files = (
				A2991B7C1B34DBE700AC2B23 /* MenuBarTestTests.m in Sources */,
			);
			runOnlyForDeploymentPostprocessing = 0;
		};
/* End PBXSourcesBuildPhase section */

/* Begin PBXTargetDependency section */
		A2991B771B34DBE700AC2B23 /* PBXTargetDependency */ = {
			isa = PBXTargetDependency;
			target = A2991B611B34DBE700AC2B23 /* MenuBarTest */;
			targetProxy = A2991B761B34DBE700AC2B23 /* PBXContainerItemProxy */;
		};
/* End PBXTargetDependency section */

/* Begin XCBuildConfiguration section */
		A2991B7D1B34DBE700AC2B23 /* Debug */ = {
			isa = XCBuildConfiguration;
			buildSettings = {
				ALWAYS_SEARCH_USER_PATHS = NO;
				CLANG_CXX_LANGUAGE_STANDARD = "gnu++0x";
				CLANG_CXX_LIBRARY = "libc++";
				CLANG_ENABLE_MODULES = YES;
				CLANG_ENABLE_OBJC_ARC = YES;
				CLANG_WARN_BOOL_CONVERSION = YES;
				CLANG_WARN_CONSTANT_CONVERSION = YES;
				CLANG_WARN_DIRECT_OBJC_ISA_USAGE = YES_ERROR;
				CLANG_WARN_EMPTY_BODY = YES;
				CLANG_WARN_ENUM_CONVERSION = YES;
				CLANG_WARN_INT_CONVERSION = YES;
				CLANG_WARN_OBJC_ROOT_CLASS = YES_ERROR;
				CLANG_WARN_UNREACHABLE_CODE = YES;
				CLANG_WARN__DUPLICATE_METHOD_MATCH = YES;
				CODE_SIGN_IDENTITY = "-";
				COPY_PHASE_STRIP = NO;
				ENABLE_STRICT_OBJC_MSGSEND = YES;
				GCC_C_LANGUAGE_STANDARD = gnu99;
				GCC_DYNAMIC_NO_PIC = NO;
				GCC_OPTIMIZATION_LEVEL = 0;
				GCC_PREPROCESSOR_DEFINITIONS = (
					"DEBUG=1",
					"$(inherited)",
				);
				GCC_SYMBOLS_PRIVATE_EXTERN = NO;
				GCC_WARN_64_TO_32_BIT_CONVERSION = YES;
				GCC_WARN_ABOUT_RETURN_TYPE = YES_ERROR;
				GCC_WARN_UNDECLARED_SELECTOR = YES;
				GCC_WARN_UNINITIALIZED_AUTOS = YES_AGGRESSIVE;
				GCC_WARN_UNUSED_FUNCTION = YES;
				GCC_WARN_UNUSED_VARIABLE = YES;
				MACOSX_DEPLOYMENT_TARGET = 10.9;
				MTL_ENABLE_DEBUG_INFO = YES;
				ONLY_ACTIVE_ARCH = YES;
				SDKROOT = macosx;
			};
			name = Debug;
		};
		A2991B7E1B34DBE700AC2B23 /* Release */ = {
			isa = XCBuildConfiguration;
			buildSettings = {
				ALWAYS_SEARCH_USER_PATHS = NO;
				CLANG_CXX_LANGUAGE_STANDARD = "gnu++0x";
				CLANG_CXX_LIBRARY = "libc++";
				CLANG_ENABLE_MODULES = YES;
				CLANG_ENABLE_OBJC_ARC = YES;
				CLANG_WARN_BOOL_CONVERSION = YES;
				CLANG_WARN_CONSTANT_CONVERSION = YES;
				CLANG_WARN_DIRECT_OBJC_ISA_USAGE = YES_ERROR;
				CLANG_WARN_EMPTY_BODY = YES;
				CLANG_WARN_ENUM_CONVERSION = YES;
				CLANG_WARN_INT_CONVERSION = YES;
				CLANG_WARN_OBJC_ROOT_CLASS = YES_ERROR;
				CLANG_WARN_UNREACHABLE_CODE = YES;
				CLANG_WARN__DUPLICATE_METHOD_MATCH = YES;
				CODE_SIGN_IDENTITY = "-";
				COPY_PHASE_STRIP = YES;
				DEBUG_INFORMATION_FORMAT = "dwarf-with-dsym";
				ENABLE_NS_ASSERTIONS = NO;
				ENABLE_STRICT_OBJC_MSGSEND = YES;
				GCC_C_LANGUAGE_STANDARD = gnu99;
				GCC_WARN_64_TO_32_BIT_CONVERSION = YES;
				GCC_WARN_ABOUT_RETURN_TYPE = YES_ERROR;
				GCC_WARN_UNDECLARED_SELECTOR = YES;
				GCC_WARN_UNINITIALIZED_AUTOS = YES_AGGRESSIVE;
				GCC_WARN_UNUSED_FUNCTION = YES;
				GCC_WARN_UNUSED_VARIABLE = YES;
				MACOSX_DEPLOYMENT_TARGET = 10.9;
				MTL_ENABLE_DEBUG_INFO = NO;
				SDKROOT = macosx;
			};
			name = Release;
		};
		A2991B801B34DBE700AC2B23 /* Debug */ = {
			isa = XCBuildConfiguration;
			buildSettings = {
				ASSETCATALOG_COMPILER_APPICON_NAME = AppIcon;
				COMBINE_HIDPI_IMAGES = YES;
				INFOPLIST_FILE = MenuBarTest/Info.plist;
				LD_RUNPATH_SEARCH_PATHS = "$(inherited) @executable_path/../Frameworks";
				PRODUCT_NAME = "$(TARGET_NAME)";
			};
			name = Debug;
		};
		A2991B811B34DBE700AC2B23 /* Release */ = {
			isa = XCBuildConfiguration;
			buildSettings = {
				ASSETCATALOG_COMPILER_APPICON_NAME = AppIcon;
				COMBINE_HIDPI_IMAGES = YES;
				INFOPLIST_FILE = MenuBarTest/Info.plist;
				LD_RUNPATH_SEARCH_PATHS = "$(inherited) @executable_path/../Frameworks";
				PRODUCT_NAME = "$(TARGET_NAME)";
			};
			name = Release;
		};
		A2991B831B34DBE700AC2B23 /* Debug */ = {
			isa = XCBuildConfiguration;
			buildSettings = {
				BUNDLE_LOADER = "$(TEST_HOST)";
				COMBINE_HIDPI_IMAGES = YES;
				FRAMEWORK_SEARCH_PATHS = (
					"$(DEVELOPER_FRAMEWORKS_DIR)",
					"$(inherited)",
				);
				GCC_PREPROCESSOR_DEFINITIONS = (
					"DEBUG=1",
					"$(inherited)",
				);
				INFOPLIST_FILE = MenuBarTestTests/Info.plist;
				LD_RUNPATH_SEARCH_PATHS = "$(inherited) @executable_path/../Frameworks @loader_path/../Frameworks";
				PRODUCT_NAME = "$(TARGET_NAME)";
				TEST_HOST = "$(BUILT_PRODUCTS_DIR)/MenuBarTest.app/Contents/MacOS/MenuBarTest";
			};
			name = Debug;
		};
		A2991B841B34DBE700AC2B23 /* Release */ = {
			isa = XCBuildConfiguration;
			buildSettings = {
				BUNDLE_LOADER = "$(TEST_HOST)";
				COMBINE_HIDPI_IMAGES = YES;
				FRAMEWORK_SEARCH_PATHS = (
					"$(DEVELOPER_FRAMEWORKS_DIR)",
					"$(inherited)",
				);
				INFOPLIST_FILE = MenuBarTestTests/Info.plist;
				LD_RUNPATH_SEARCH_PATHS = "$(inherited) @executable_path/../Frameworks @loader_path/../Frameworks";
				PRODUCT_NAME = "$(TARGET_NAME)";
				TEST_HOST = "$(BUILT_PRODUCTS_DIR)/MenuBarTest.app/Contents/MacOS/MenuBarTest";
			};
			name = Release;
		};
/* End XCBuildConfiguration section */

/* Begin XCConfigurationList section */
		A2991B5D1B34DBE700AC2B23 /* Build configuration list for PBXProject "MenuBarTest" */ = {
			isa = XCConfigurationList;
			buildConfigurations = (
				A2991B7D1B34DBE700AC2B23 /* Debug */,
				A2991B7E1B34DBE700AC2B23 /* Release */,
			);
			defaultConfigurationIsVisible = 0;
			defaultConfigurationName = Release;
		};
		A2991B7F1B34DBE700AC2B23 /* Build configuration list for PBXNativeTarget "MenuBarTest" */ = {
			isa = XCConfigurationList;
			buildConfigurations = (
				A2991B801B34DBE700AC2B23 /* Debug */,
				A2991B811B34DBE700AC2B23 /* Release */,
			);
			defaultConfigurationIsVisible = 0;
			defaultConfigurationName = Release;
		};
		A2991B821B34DBE700AC2B23 /* Build configuration list for PBXNativeTarget "MenuBarTestTests" */ = {
			isa = XCConfigurationList;
			buildConfigurations = (
				A2991B831B34DBE700AC2B23 /* Debug */,
				A2991B841B34DBE700AC2B23 /* Release */,
			);
			defaultConfigurationIsVisible = 0;
			defaultConfigurationName = Release;
		};
/* End XCConfigurationList section */
	};
	rootObject = A2991B5A1B34DBE700AC2B23 /* Project object */;
}
